
Microsoft Visual Studio Solution File, Format Version 12.00
# Visual Studio Version 17
VisualStudioVersion = 17.9.34714.143
MinimumVisualStudioVersion = 10.0.40219.1
Project("{FAE04EC0-301F-11D3-BF4B-00C04F79EFBC}") = "Lab12024", "Lab12024\Lab12024.csproj", "{0249EB95-C0F8-4901-8AA7-9A325080899A}"
EndProject
Global
	GlobalSection(SolutionConfigurationPlatforms) = preSolution
		Debug|Any CPU = Debug|Any CPU
		Release|Any CPU = Release|Any CPU
	EndGlobalSection
	GlobalSection(ProjectConfigurationPlatforms) = postSolution
		{0249EB95-C0F8-4901-8AA7-9A325080899A}.Debug|Any CPU.ActiveCfg = Debug|Any CPU
		{0249EB95-C0F8-4901-8AA7-9A325080899A}.Debug|Any CPU.Build.0 = Debug|Any CPU
		{0249EB95-C0F8-4901-8AA7-9A325080899A}.Release|Any CPU.ActiveCfg = Release|Any CPU
		{0249EB95-C0F8-4901-8AA7-9A325080899A}.Release|Any CPU.Build.0 = Release|Any CPU
	EndGlobalSection
	GlobalSection(SolutionProperties) = preSolution
		HideSolutionNode = FALSE
	EndGlobalSection
	GlobalSection(ExtensibilityGlobals) = postSolution
		SolutionGuid = {7A667787-60CC-4057-A1EA-8CEEEDF26FCD}
	EndGlobalSection
EndGlobal
