
Microsoft Visual Studio Solution File, Format Version 12.00
# Visual Studio Version 17
VisualStudioVersion = 17.9.34714.143
MinimumVisualStudioVersion = 10.0.40219.1
Project("{FAE04EC0-301F-11D3-BF4B-00C04F79EFBC}") = "Lab5Project", "Lab5Project\Lab5Project.csproj", "{0EBFDF58-85E3-4CDE-885F-C093E852EF8A}"
EndProject
Global
	GlobalSection(SolutionConfigurationPlatforms) = preSolution
		Debug|Any CPU = Debug|Any CPU
		Release|Any CPU = Release|Any CPU
	EndGlobalSection
	GlobalSection(ProjectConfigurationPlatforms) = postSolution
		{0EBFDF58-85E3-4CDE-885F-C093E852EF8A}.Debug|Any CPU.ActiveCfg = Debug|Any CPU
		{0EBFDF58-85E3-4CDE-885F-C093E852EF8A}.Debug|Any CPU.Build.0 = Debug|Any CPU
		{0EBFDF58-85E3-4CDE-885F-C093E852EF8A}.Release|Any CPU.ActiveCfg = Release|Any CPU
		{0EBFDF58-85E3-4CDE-885F-C093E852EF8A}.Release|Any CPU.Build.0 = Release|Any CPU
	EndGlobalSection
	GlobalSection(SolutionProperties) = preSolution
		HideSolutionNode = FALSE
	EndGlobalSection
	GlobalSection(ExtensibilityGlobals) = postSolution
		SolutionGuid = {C4C077A1-0BB8-4127-8FCA-7FF1376074F5}
	EndGlobalSection
EndGlobal
