
Microsoft Visual Studio Solution File, Format Version 12.00
# Visual Studio Version 17
VisualStudioVersion = 17.5.33516.290
MinimumVisualStudioVersion = 10.0.40219.1
Project("{FAE04EC0-301F-11D3-BF4B-00C04F79EFBC}") = "Lab9", "Lab9\Lab9.csproj", "{9A6F6D07-8E5B-4C5C-B646-3B5ED7AB9E0A}"
EndProject
Project("{FAE04EC0-301F-11D3-BF4B-00C04F79EFBC}") = "Lab9.1", "Lab9.1\Lab9.1.csproj", "{20054C57-0395-4A4B-80B8-95E0D3EC9F36}"
EndProject
Global
	GlobalSection(SolutionConfigurationPlatforms) = preSolution
		Debug|Any CPU = Debug|Any CPU
		Release|Any CPU = Release|Any CPU
	EndGlobalSection
	GlobalSection(ProjectConfigurationPlatforms) = postSolution
		{9A6F6D07-8E5B-4C5C-B646-3B5ED7AB9E0A}.Debug|Any CPU.ActiveCfg = Debug|Any CPU
		{9A6F6D07-8E5B-4C5C-B646-3B5ED7AB9E0A}.Debug|Any CPU.Build.0 = Debug|Any CPU
		{9A6F6D07-8E5B-4C5C-B646-3B5ED7AB9E0A}.Release|Any CPU.ActiveCfg = Release|Any CPU
		{9A6F6D07-8E5B-4C5C-B646-3B5ED7AB9E0A}.Release|Any CPU.Build.0 = Release|Any CPU
		{20054C57-0395-4A4B-80B8-95E0D3EC9F36}.Debug|Any CPU.ActiveCfg = Debug|Any CPU
		{20054C57-0395-4A4B-80B8-95E0D3EC9F36}.Debug|Any CPU.Build.0 = Debug|Any CPU
		{20054C57-0395-4A4B-80B8-95E0D3EC9F36}.Release|Any CPU.ActiveCfg = Release|Any CPU
		{20054C57-0395-4A4B-80B8-95E0D3EC9F36}.Release|Any CPU.Build.0 = Release|Any CPU
	EndGlobalSection
	GlobalSection(SolutionProperties) = preSolution
		HideSolutionNode = FALSE
	EndGlobalSection
	GlobalSection(ExtensibilityGlobals) = postSolution
		SolutionGuid = {A80549B1-6159-4140-ACD9-F7C33D86B252}
	EndGlobalSection
EndGlobal
