
Microsoft Visual Studio Solution File, Format Version 12.00
# Visual Studio Version 17
VisualStudioVersion = 17.9.34714.143
MinimumVisualStudioVersion = 10.0.40219.1
Project("{FAE04EC0-301F-11D3-BF4B-00C04F79EFBC}") = "Lab20249", "Lab20249\Lab20249.csproj", "{6983552A-A7C4-4B94-8B08-B886A4B0B79C}"
EndProject
Global
	GlobalSection(SolutionConfigurationPlatforms) = preSolution
		Debug|Any CPU = Debug|Any CPU
		Release|Any CPU = Release|Any CPU
	EndGlobalSection
	GlobalSection(ProjectConfigurationPlatforms) = postSolution
		{6983552A-A7C4-4B94-8B08-B886A4B0B79C}.Debug|Any CPU.ActiveCfg = Debug|Any CPU
		{6983552A-A7C4-4B94-8B08-B886A4B0B79C}.Debug|Any CPU.Build.0 = Debug|Any CPU
		{6983552A-A7C4-4B94-8B08-B886A4B0B79C}.Release|Any CPU.ActiveCfg = Release|Any CPU
		{6983552A-A7C4-4B94-8B08-B886A4B0B79C}.Release|Any CPU.Build.0 = Release|Any CPU
	EndGlobalSection
	GlobalSection(SolutionProperties) = preSolution
		HideSolutionNode = FALSE
	EndGlobalSection
	GlobalSection(ExtensibilityGlobals) = postSolution
		SolutionGuid = {ACA9D165-1300-4CF7-8228-CEC6B0414B7A}
	EndGlobalSection
EndGlobal
