
Microsoft Visual Studio Solution File, Format Version 12.00
# Visual Studio Version 17
VisualStudioVersion = 17.5.33516.290
MinimumVisualStudioVersion = 10.0.40219.1
Project("{FAE04EC0-301F-11D3-BF4B-00C04F79EFBC}") = "Lab7", "Lab7\Lab7.csproj", "{2DBC7B59-899F-45F5-A41B-04441D853595}"
EndProject
Project("{FAE04EC0-301F-11D3-BF4B-00C04F79EFBC}") = "Lab7.1", "Lab7.1\Lab7.1.csproj", "{38EFCA92-A571-4707-8D34-2DD4012A068E}"
EndProject
Project("{FAE04EC0-301F-11D3-BF4B-00C04F79EFBC}") = "Lab7.3", "Lab7.3\Lab7.3.csproj", "{1F8D3935-20F9-410F-99CB-56945E8BD2E7}"
EndProject
Global
	GlobalSection(SolutionConfigurationPlatforms) = preSolution
		Debug|Any CPU = Debug|Any CPU
		Release|Any CPU = Release|Any CPU
	EndGlobalSection
	GlobalSection(ProjectConfigurationPlatforms) = postSolution
		{2DBC7B59-899F-45F5-A41B-04441D853595}.Debug|Any CPU.ActiveCfg = Debug|Any CPU
		{2DBC7B59-899F-45F5-A41B-04441D853595}.Debug|Any CPU.Build.0 = Debug|Any CPU
		{2DBC7B59-899F-45F5-A41B-04441D853595}.Release|Any CPU.ActiveCfg = Release|Any CPU
		{2DBC7B59-899F-45F5-A41B-04441D853595}.Release|Any CPU.Build.0 = Release|Any CPU
		{38EFCA92-A571-4707-8D34-2DD4012A068E}.Debug|Any CPU.ActiveCfg = Debug|Any CPU
		{38EFCA92-A571-4707-8D34-2DD4012A068E}.Debug|Any CPU.Build.0 = Debug|Any CPU
		{38EFCA92-A571-4707-8D34-2DD4012A068E}.Release|Any CPU.ActiveCfg = Release|Any CPU
		{38EFCA92-A571-4707-8D34-2DD4012A068E}.Release|Any CPU.Build.0 = Release|Any CPU
		{1F8D3935-20F9-410F-99CB-56945E8BD2E7}.Debug|Any CPU.ActiveCfg = Debug|Any CPU
		{1F8D3935-20F9-410F-99CB-56945E8BD2E7}.Debug|Any CPU.Build.0 = Debug|Any CPU
		{1F8D3935-20F9-410F-99CB-56945E8BD2E7}.Release|Any CPU.ActiveCfg = Release|Any CPU
		{1F8D3935-20F9-410F-99CB-56945E8BD2E7}.Release|Any CPU.Build.0 = Release|Any CPU
	EndGlobalSection
	GlobalSection(SolutionProperties) = preSolution
		HideSolutionNode = FALSE
	EndGlobalSection
	GlobalSection(ExtensibilityGlobals) = postSolution
		SolutionGuid = {4899E523-7430-4FCD-8244-B84DB3B621F7}
	EndGlobalSection
EndGlobal
